// !$*UTF8*$!
{
	archiveVersion = 1;
	classes = {
	};
	objectVersion = 50;
	objects = {

/* Begin PBXBuildFile section */
		FD78B841244E9A6100233E5A /* AppDelegate.swift in Sources */ = {isa = PBXBuildFile; fileRef = FD78B840244E9A6100233E5A /* AppDelegate.swift */; };
		FD78B843244E9A6100233E5A /* SceneDelegate.swift in Sources */ = {isa = PBXBuildFile; fileRef = FD78B842244E9A6100233E5A /* SceneDelegate.swift */; };
		FD78B845244E9A6100233E5A /* ContentView.swift in Sources */ = {isa = PBXBuildFile; fileRef = FD78B844244E9A6100233E5A /* ContentView.swift */; };
		FD78B847244E9A6A00233E5A /* Assets.xcassets in Resources */ = {isa = PBXBuildFile; fileRef = FD78B846244E9A6A00233E5A /* Assets.xcassets */; };
		FD78B84A244E9A6A00233E5A /* Preview Assets.xcassets in Resources */ = {isa = PBXBuildFile; fileRef = FD78B849244E9A6A00233E5A /* Preview Assets.xcassets */; };
		FD78B84D244E9A6A00233E5A /* LaunchScreen.storyboard in Resources */ = {isa = PBXBuildFile; fileRef = FD78B84B244E9A6A00233E5A /* LaunchScreen.storyboard */; };
		FD78B855244FE5CD00233E5A /* SwiftUIView.swift in Sources */ = {isa = PBXBuildFile; fileRef = FD78B854244FE5CC00233E5A /* SwiftUIView.swift */; };
/* End PBXBuildFile section */

/* Begin PBXFileReference section */
		FD78B83D244E9A6100233E5A /* SwiftUITextbookChapter3.app */ = {isa = PBXFileReference; explicitFileType = wrapper.application; includeInIndex = 0; path = SwiftUITextbookChapter3.app; sourceTree = BUILT_PRODUCTS_DIR; };
		FD78B840244E9A6100233E5A /* AppDelegate.swift */ = {isa = PBXFileReference; lastKnownFileType = sourcecode.swift; path = AppDelegate.swift; sourceTree = "<group>"; };
		FD78B842244E9A6100233E5A /* SceneDelegate.swift */ = {isa = PBXFileReference; lastKnownFileType = sourcecode.swift; path = SceneDelegate.swift; sourceTree = "<group>"; };
		FD78B844244E9A6100233E5A /* ContentView.swift */ = {isa = PBXFileReference; lastKnownFileType = sourcecode.swift; path = ContentView.swift; sourceTree = "<group>"; };
		FD78B846244E9A6A00233E5A /* Assets.xcassets */ = {isa = PBXFileReference; lastKnownFileType = folder.assetcatalog; path = Assets.xcassets; sourceTree = "<group>"; };
		FD78B849244E9A6A00233E5A /* Preview Assets.xcassets */ = {isa = PBXFileReference; lastKnownFileType = folder.assetcatalog; path = "Preview Assets.xcassets"; sourceTree = "<group>"; };
		FD78B84C244E9A6A00233E5A /* Base */ = {isa = PBXFileReference; lastKnownFileType = file.storyboard; name = Base; path = Base.lproj/LaunchScreen.storyboard; sourceTree = "<group>"; };
		FD78B84E244E9A6A00233E5A /* Info.plist */ = {isa = PBXFileReference; lastKnownFileType = text.plist.xml; path = Info.plist; sourceTree = "<group>"; };
		FD78B854244FE5CC00233E5A /* SwiftUIView.swift */ = {isa = PBXFileReference; lastKnownFileType = sourcecode.swift; path = SwiftUIView.swift; sourceTree = "<group>"; };
/* End PBXFileReference section */

/* Begin PBXFrameworksBuildPhase section */
		FD78B83A244E9A6100233E5A /* Frameworks */ = {
			isa = PBXFrameworksBuildPhase;
			buildActionMask = 2147483647;
			files = (
			);
			runOnlyForDeploymentPostprocessing = 0;
		};
/* End PBXFrameworksBuildPhase section */

/* Begin PBXGroup section */
		FD78B834244E9A6100233E5A = {
			isa = PBXGroup;
			children = (
				FD78B83F244E9A6100233E5A /* SwiftUITextbookChapter3 */,
				FD78B83E244E9A6100233E5A /* Products */,
			);
			sourceTree = "<group>";
		};
		FD78B83E244E9A6100233E5A /* Products */ = {
			isa = PBXGroup;
			children = (
				FD78B83D244E9A6100233E5A /* SwiftUITextbookChapter3.app */,
			);
			name = Products;
			sourceTree = "<group>";
		};
		FD78B83F244E9A6100233E5A /* SwiftUITextbookChapter3 */ = {
			isa = PBXGroup;
			children = (
				FD78B840244E9A6100233E5A /* AppDelegate.swift */,
				FD78B842244E9A6100233E5A /* SceneDelegate.swift */,
				FD78B844244E9A6100233E5A /* ContentView.swift */,
				FD78B854244FE5CC00233E5A /* SwiftUIView.swift */,
				FD78B846244E9A6A00233E5A /* Assets.xcassets */,
				FD78B84B244E9A6A00233E5A /* LaunchScreen.storyboard */,
				FD78B84E244E9A6A00233E5A /* Info.plist */,
				FD78B848244E9A6A00233E5A /* Preview Content */,
			);
			path = SwiftUITextbookChapter3;
			sourceTree = "<group>";
		};
		FD78B848244E9A6A00233E5A /* Preview Content */ = {
			isa = PBXGroup;
			children = (
				FD78B849244E9A6A00233E5A /* Preview Assets.xcassets */,
			);
			path = "Preview Content";
			sourceTree = "<group>";
		};
/* End PBXGroup section */

/* Begin PBXNativeTarget section */
		FD78B83C244E9A6100233E5A /* SwiftUITextbookChapter3 */ = {
			isa = PBXNativeTarget;
			buildConfigurationList = FD78B851244E9A6A00233E5A /* Build configuration list for PBXNativeTarget "SwiftUITextbookChapter3" */;
			buildPhases = (
				FD78B839244E9A6100233E5A /* Sources */,
				FD78B83A244E9A6100233E5A /* Frameworks */,
				FD78B83B244E9A6100233E5A /* Resources */,
			);
			buildRules = (
			);
			dependencies = (
			);
			name = SwiftUITextbookChapter3;
			productName = SwiftUITextbookChapter3;
			productReference = FD78B83D244E9A6100233E5A /* SwiftUITextbookChapter3.app */;
			productType = "com.apple.product-type.application";
		};
/* End PBXNativeTarget section */

/* Begin PBXProject section */
		FD78B835244E9A6100233E5A /* Project object */ = {
			isa = PBXProject;
			attributes = {
				LastSwiftUpdateCheck = 1130;
				LastUpgradeCheck = 1130;
				ORGANIZATIONNAME = "Swift-beginners";
				TargetAttributes = {
					FD78B83C244E9A6100233E5A = {
						CreatedOnToolsVersion = 11.3;
					};
				};
			};
			buildConfigurationList = FD78B838244E9A6100233E5A /* Build configuration list for PBXProject "SwiftUITextbookChapter3" */;
			compatibilityVersion = "Xcode 9.3";
			developmentRegion = en;
			hasScannedForEncodings = 0;
			knownRegions = (
				en,
				Base,
			);
			mainGroup = FD78B834244E9A6100233E5A;
			productRefGroup = FD78B83E244E9A6100233E5A /* Products */;
			projectDirPath = "";
			projectRoot = "";
			targets = (
				FD78B83C244E9A6100233E5A /* SwiftUITextbookChapter3 */,
			);
		};
/* End PBXProject section */

/* Begin PBXResourcesBuildPhase section */
		FD78B83B244E9A6100233E5A /* Resources */ = {
			isa = PBXResourcesBuildPhase;
			buildActionMask = 2147483647;
			files = (
				FD78B84D244E9A6A00233E5A /* LaunchScreen.storyboard in Resources */,
				FD78B84A244E9A6A00233E5A /* Preview Assets.xcassets in Resources */,
				FD78B847244E9A6A00233E5A /* Assets.xcassets in Resources */,
			);
			runOnlyForDeploymentPostprocessing = 0;
		};
/* End PBXResourcesBuildPhase section */

/* Begin PBXSourcesBuildPhase section */
		FD78B839244E9A6100233E5A /* Sources */ = {
			isa = PBXSourcesBuildPhase;
			buildActionMask = 2147483647;
			files = (
				FD78B841244E9A6100233E5A /* AppDelegate.swift in Sources */,
				FD78B843244E9A6100233E5A /* SceneDelegate.swift in Sources */,
				FD78B855244FE5CD00233E5A /* SwiftUIView.swift in Sources */,
				FD78B845244E9A6100233E5A /* ContentView.swift in Sources */,
			);
			runOnlyForDeploymentPostprocessing = 0;
		};
/* End PBXSourcesBuildPhase section */

/* Begin PBXVariantGroup section */
		FD78B84B244E9A6A00233E5A /* LaunchScreen.storyboard */ = {
			isa = PBXVariantGroup;
			children = (
				FD78B84C244E9A6A00233E5A /* Base */,
			);
			name = LaunchScreen.storyboard;
			sourceTree = "<group>";
		};
/* End PBXVariantGroup section */

/* Begin XCBuildConfiguration section */
		FD78B84F244E9A6A00233E5A /* Debug */ = {
			isa = XCBuildConfiguration;
			buildSettings = {
				ALWAYS_SEARCH_USER_PATHS = NO;
				CLANG_ANALYZER_NONNULL = YES;
				CLANG_ANALYZER_NUMBER_OBJECT_CONVERSION = YES_AGGRESSIVE;
				CLANG_CXX_LANGUAGE_STANDARD = "gnu++14";
				CLANG_CXX_LIBRARY = "libc++";
				CLANG_ENABLE_MODULES = YES;
				CLANG_ENABLE_OBJC_ARC = YES;
				CLANG_ENABLE_OBJC_WEAK = YES;
				CLANG_WARN_BLOCK_CAPTURE_AUTORELEASING = YES;
				CLANG_WARN_BOOL_CONVERSION = YES;
				CLANG_WARN_COMMA = YES;
				CLANG_WARN_CONSTANT_CONVERSION = YES;
				CLANG_WARN_DEPRECATED_OBJC_IMPLEMENTATIONS = YES;
				CLANG_WARN_DIRECT_OBJC_ISA_USAGE = YES_ERROR;
				CLANG_WARN_DOCUMENTATION_COMMENTS = YES;
				CLANG_WARN_EMPTY_BODY = YES;
				CLANG_WARN_ENUM_CONVERSION = YES;
				CLANG_WARN_INFINITE_RECURSION = YES;
				CLANG_WARN_INT_CONVERSION = YES;
				CLANG_WARN_NON_LITERAL_NULL_CONVERSION = YES;
				CLANG_WARN_OBJC_IMPLICIT_RETAIN_SELF = YES;
				CLANG_WARN_OBJC_LITERAL_CONVERSION = YES;
				CLANG_WARN_OBJC_ROOT_CLASS = YES_ERROR;
				CLANG_WARN_RANGE_LOOP_ANALYSIS = YES;
				CLANG_WARN_STRICT_PROTOTYPES = YES;
				CLANG_WARN_SUSPICIOUS_MOVE = YES;
				CLANG_WARN_UNGUARDED_AVAILABILITY = YES_AGGRESSIVE;
				CLANG_WARN_UNREACHABLE_CODE = YES;
				CLANG_WARN__DUPLICATE_METHOD_MATCH = YES;
				COPY_PHASE_STRIP = NO;
				DEBUG_INFORMATION_FORMAT = dwarf;
				ENABLE_STRICT_OBJC_MSGSEND = YES;
				ENABLE_TESTABILITY = YES;
				GCC_C_LANGUAGE_STANDARD = gnu11;
				GCC_DYNAMIC_NO_PIC = NO;
				GCC_NO_COMMON_BLOCKS = YES;
				GCC_OPTIMIZATION_LEVEL = 0;
				GCC_PREPROCESSOR_DEFINITIONS = (
					"DEBUG=1",
					"$(inherited)",
				);
				GCC_WARN_64_TO_32_BIT_CONVERSION = YES;
				GCC_WARN_ABOUT_RETURN_TYPE = YES_ERROR;
				GCC_WARN_UNDECLARED_SELECTOR = YES;
				GCC_WARN_UNINITIALIZED_AUTOS = YES_AGGRESSIVE;
				GCC_WARN_UNUSED_FUNCTION = YES;
				GCC_WARN_UNUSED_VARIABLE = YES;
				IPHONEOS_DEPLOYMENT_TARGET = 13.2;
				MTL_ENABLE_DEBUG_INFO = INCLUDE_SOURCE;
				MTL_FAST_MATH = YES;
				ONLY_ACTIVE_ARCH = YES;
				SDKROOT = iphoneos;
				SWIFT_ACTIVE_COMPILATION_CONDITIONS = DEBUG;
				SWIFT_OPTIMIZATION_LEVEL = "-Onone";
			};
			name = Debug;
		};
		FD78B850244E9A6A00233E5A /* Release */ = {
			isa = XCBuildConfiguration;
			buildSettings = {
				ALWAYS_SEARCH_USER_PATHS = NO;
				CLANG_ANALYZER_NONNULL = YES;
				CLANG_ANALYZER_NUMBER_OBJECT_CONVERSION = YES_AGGRESSIVE;
				CLANG_CXX_LANGUAGE_STANDARD = "gnu++14";
				CLANG_CXX_LIBRARY = "libc++";
				CLANG_ENABLE_MODULES = YES;
				CLANG_ENABLE_OBJC_ARC = YES;
				CLANG_ENABLE_OBJC_WEAK = YES;
				CLANG_WARN_BLOCK_CAPTURE_AUTORELEASING = YES;
				CLANG_WARN_BOOL_CONVERSION = YES;
				CLANG_WARN_COMMA = YES;
				CLANG_WARN_CONSTANT_CONVERSION = YES;
				CLANG_WARN_DEPRECATED_OBJC_IMPLEMENTATIONS = YES;
				CLANG_WARN_DIRECT_OBJC_ISA_USAGE = YES_ERROR;
				CLANG_WARN_DOCUMENTATION_COMMENTS = YES;
				CLANG_WARN_EMPTY_BODY = YES;
				CLANG_WARN_ENUM_CONVERSION = YES;
				CLANG_WARN_INFINITE_RECURSION = YES;
				CLANG_WARN_INT_CONVERSION = YES;
				CLANG_WARN_NON_LITERAL_NULL_CONVERSION = YES;
				CLANG_WARN_OBJC_IMPLICIT_RETAIN_SELF = YES;
				CLANG_WARN_OBJC_LITERAL_CONVERSION = YES;
				CLANG_WARN_OBJC_ROOT_CLASS = YES_ERROR;
				CLANG_WARN_RANGE_LOOP_ANALYSIS = YES;
				CLANG_WARN_STRICT_PROTOTYPES = YES;
				CLANG_WARN_SUSPICIOUS_MOVE = YES;
				CLANG_WARN_UNGUARDED_AVAILABILITY = YES_AGGRESSIVE;
				CLANG_WARN_UNREACHABLE_CODE = YES;
				CLANG_WARN__DUPLICATE_METHOD_MATCH = YES;
				COPY_PHASE_STRIP = NO;
				DEBUG_INFORMATION_FORMAT = "dwarf-with-dsym";
				ENABLE_NS_ASSERTIONS = NO;
				ENABLE_STRICT_OBJC_MSGSEND = YES;
				GCC_C_LANGUAGE_STANDARD = gnu11;
				GCC_NO_COMMON_BLOCKS = YES;
				GCC_WARN_64_TO_32_BIT_CONVERSION = YES;
				GCC_WARN_ABOUT_RETURN_TYPE = YES_ERROR;
				GCC_WARN_UNDECLARED_SELECTOR = YES;
				GCC_WARN_UNINITIALIZED_AUTOS = YES_AGGRESSIVE;
				GCC_WARN_UNUSED_FUNCTION = YES;
				GCC_WARN_UNUSED_VARIABLE = YES;
				IPHONEOS_DEPLOYMENT_TARGET = 13.2;
				MTL_ENABLE_DEBUG_INFO = NO;
				MTL_FAST_MATH = YES;
				SDKROOT = iphoneos;
				SWIFT_COMPILATION_MODE = wholemodule;
				SWIFT_OPTIMIZATION_LEVEL = "-O";
				VALIDATE_PRODUCT = YES;
			};
			name = Release;
		};
		FD78B852244E9A6A00233E5A /* Debug */ = {
			isa = XCBuildConfiguration;
			buildSettings = {
				ASSETCATALOG_COMPILER_APPICON_NAME = AppIcon;
				CODE_SIGN_STYLE = Automatic;
				DEVELOPMENT_ASSET_PATHS = "\"SwiftUITextbookChapter3/Preview Content\"";
				DEVELOPMENT_TEAM = 8DJ3WL36QU;
				ENABLE_PREVIEWS = YES;
				INFOPLIST_FILE = SwiftUITextbookChapter3/Info.plist;
				LD_RUNPATH_SEARCH_PATHS = (
					"$(inherited)",
					"@executable_path/Frameworks",
				);
				PRODUCT_BUNDLE_IDENTIFIER = "Swift-beginners2.SwiftUITextbookChapter3";
				PRODUCT_NAME = "$(TARGET_NAME)";
				SWIFT_VERSION = 5.0;
				TARGETED_DEVICE_FAMILY = "1,2";
			};
			name = Debug;
		};
		FD78B853244E9A6A00233E5A /* Release */ = {
			isa = XCBuildConfiguration;
			buildSettings = {
				ASSETCATALOG_COMPILER_APPICON_NAME = AppIcon;
				CODE_SIGN_STYLE = Automatic;
				DEVELOPMENT_ASSET_PATHS = "\"SwiftUITextbookChapter3/Preview Content\"";
				DEVELOPMENT_TEAM = 8DJ3WL36QU;
				ENABLE_PREVIEWS = YES;
				INFOPLIST_FILE = SwiftUITextbookChapter3/Info.plist;
				LD_RUNPATH_SEARCH_PATHS = (
					"$(inherited)",
					"@executable_path/Frameworks",
				);
				PRODUCT_BUNDLE_IDENTIFIER = "Swift-beginners2.SwiftUITextbookChapter3";
				PRODUCT_NAME = "$(TARGET_NAME)";
				SWIFT_VERSION = 5.0;
				TARGETED_DEVICE_FAMILY = "1,2";
			};
			name = Release;
		};
/* End XCBuildConfiguration section */

/* Begin XCConfigurationList section */
		FD78B838244E9A6100233E5A /* Build configuration list for PBXProject "SwiftUITextbookChapter3" */ = {
			isa = XCConfigurationList;
			buildConfigurations = (
				FD78B84F244E9A6A00233E5A /* Debug */,
				FD78B850244E9A6A00233E5A /* Release */,
			);
			defaultConfigurationIsVisible = 0;
			defaultConfigurationName = Release;
		};
		FD78B851244E9A6A00233E5A /* Build configuration list for PBXNativeTarget "SwiftUITextbookChapter3" */ = {
			isa = XCConfigurationList;
			buildConfigurations = (
				FD78B852244E9A6A00233E5A /* Debug */,
				FD78B853244E9A6A00233E5A /* Release */,
			);
			defaultConfigurationIsVisible = 0;
			defaultConfigurationName = Release;
		};
/* End XCConfigurationList section */
	};
	rootObject = FD78B835244E9A6100233E5A /* Project object */;
}
